
Microsoft Visual Studio Solution File, Format Version 12.00
# Visual Studio Version 17
VisualStudioVersion = 17.9.34723.18
MinimumVisualStudioVersion = 10.0.40219.1
Project("{FAE04EC0-301F-11D3-BF4B-00C04F79EFBC}") = "Calculadora", "Calculadora\Calculadora.csproj", "{73E2320A-A436-4B7E-98A9-A24A37D56D3B}"
EndProject
Global
	GlobalSection(SolutionConfigurationPlatforms) = preSolution
		Debug|Any CPU = Debug|Any CPU
		Release|Any CPU = Release|Any CPU
	EndGlobalSection
	GlobalSection(ProjectConfigurationPlatforms) = postSolution
		{73E2320A-A436-4B7E-98A9-A24A37D56D3B}.Debug|Any CPU.ActiveCfg = Debug|Any CPU
		{73E2320A-A436-4B7E-98A9-A24A37D56D3B}.Debug|Any CPU.Build.0 = Debug|Any CPU
		{73E2320A-A436-4B7E-98A9-A24A37D56D3B}.Release|Any CPU.ActiveCfg = Release|Any CPU
		{73E2320A-A436-4B7E-98A9-A24A37D56D3B}.Release|Any CPU.Build.0 = Release|Any CPU
	EndGlobalSection
	GlobalSection(SolutionProperties) = preSolution
		HideSolutionNode = FALSE
	EndGlobalSection
	GlobalSection(ExtensibilityGlobals) = postSolution
		SolutionGuid = {21F1C658-A73F-4A91-840A-6BA51765AB77}
	EndGlobalSection
EndGlobal
